{
  "requires": true,
  "lockfileVersion": 1,
  "dependencies": {
    "@babel/runtime": {
      "version": "7.14.5",
      "resolved": "https://registry.npmjs.org/@babel/runtime/-/runtime-7.14.5.tgz",
      "integrity": "sha512-121rumjddw9c3NCQ55KGkyE1h/nzWhU/owjhw0l4mQrkzz4x9SGS1X8gFLraHwX7td3Yo4QTL+qj0NcIzN87BA==",
      "requires": {
        "regenerator-runtime": "^0.13.4"
      }
    },
    "@mparticle/web-sdk": {
      "version": "2.12.8",
      "resolved": "https://registry.npmjs.org/@mparticle/web-sdk/-/web-sdk-2.12.8.tgz",
      "integrity": "sha512-+K5L90lumJhAm86VltOfkBoxdFNRLDd9n0c78Y4Hq9HxPK8j3E2gcISMoad8xo9N4CpPDgHrbmBQYeOMTQAZAg==",
      "requires": {
        "@babel/runtime": "^7.6.0",
        "slugify": "^1.3.6"
      }
    },
    "regenerator-runtime": {
      "version": "0.13.7",
      "resolved": "https://registry.npmjs.org/regenerator-runtime/-/regenerator-runtime-0.13.7.tgz",
      "integrity": "sha512-a54FxoJDIr27pgf7IgeQGxmqUNYrcV338lf/6gH456HZ/PhX+5BcwHXG9ajESmwe6WRO0tAzRUrRmNONWgkrew=="
    },
    "slugify": {
      "version": "1.5.3",
      "resolved": "https://registry.npmjs.org/slugify/-/slugify-1.5.3.tgz",
      "integrity": "sha512-/HkjRdwPY3yHJReXu38NiusZw2+LLE2SrhkWJtmlPDB1fqFSvioYj62NkPcrKiNCgRLeGcGK7QBvr1iQwybeXw=="
    }
  }
}
